// !$*UTF8*$!
{
	archiveVersion = 1;
	classes = {
	};
	objectVersion = 50;
	objects = {

/* Begin PBXBuildFile section */
		56A6EE232500AA5A00F7B946 /* AppDelegate.swift in Sources */ = {isa = PBXBuildFile; fileRef = 56A6EE222500AA5A00F7B946 /* AppDelegate.swift */; };
		56A6EE252500AA5A00F7B946 /* SceneDelegate.swift in Sources */ = {isa = PBXBuildFile; fileRef = 56A6EE242500AA5A00F7B946 /* SceneDelegate.swift */; };
		56A6EE272500AA5A00F7B946 /* ViewController.swift in Sources */ = {isa = PBXBuildFile; fileRef = 56A6EE262500AA5A00F7B946 /* ViewController.swift */; };
		56A6EE2A2500AA5A00F7B946 /* Main.storyboard in Resources */ = {isa = PBXBuildFile; fileRef = 56A6EE282500AA5A00F7B946 /* Main.storyboard */; };
		56A6EE2C2500AA5F00F7B946 /* Assets.xcassets in Resources */ = {isa = PBXBuildFile; fileRef = 56A6EE2B2500AA5F00F7B946 /* Assets.xcassets */; };
		56A6EE2F2500AA5F00F7B946 /* LaunchScreen.storyboard in Resources */ = {isa = PBXBuildFile; fileRef = 56A6EE2D2500AA5F00F7B946 /* LaunchScreen.storyboard */; };
/* End PBXBuildFile section */

/* Begin PBXFileReference section */
		56A6EE1F2500AA5A00F7B946 /* TableViewNotes.app */ = {isa = PBXFileReference; explicitFileType = wrapper.application; includeInIndex = 0; path = TableViewNotes.app; sourceTree = BUILT_PRODUCTS_DIR; };
		56A6EE222500AA5A00F7B946 /* AppDelegate.swift */ = {isa = PBXFileReference; lastKnownFileType = sourcecode.swift; path = AppDelegate.swift; sourceTree = "<group>"; };
		56A6EE242500AA5A00F7B946 /* SceneDelegate.swift */ = {isa = PBXFileReference; lastKnownFileType = sourcecode.swift; path = SceneDelegate.swift; sourceTree = "<group>"; };
		56A6EE262500AA5A00F7B946 /* ViewController.swift */ = {isa = PBXFileReference; lastKnownFileType = sourcecode.swift; path = ViewController.swift; sourceTree = "<group>"; };
		56A6EE292500AA5A00F7B946 /* Base */ = {isa = PBXFileReference; lastKnownFileType = file.storyboard; name = Base; path = Base.lproj/Main.storyboard; sourceTree = "<group>"; };
		56A6EE2B2500AA5F00F7B946 /* Assets.xcassets */ = {isa = PBXFileReference; lastKnownFileType = folder.assetcatalog; path = Assets.xcassets; sourceTree = "<group>"; };
		56A6EE2E2500AA5F00F7B946 /* Base */ = {isa = PBXFileReference; lastKnownFileType = file.storyboard; name = Base; path = Base.lproj/LaunchScreen.storyboard; sourceTree = "<group>"; };
		56A6EE302500AA5F00F7B946 /* Info.plist */ = {isa = PBXFileReference; lastKnownFileType = text.plist.xml; path = Info.plist; sourceTree = "<group>"; };
/* End PBXFileReference section */

/* Begin PBXFrameworksBuildPhase section */
		56A6EE1C2500AA5A00F7B946 /* Frameworks */ = {
			isa = PBXFrameworksBuildPhase;
			buildActionMask = 2147483647;
			files = (
			);
			runOnlyForDeploymentPostprocessing = 0;
		};
/* End PBXFrameworksBuildPhase section */

/* Begin PBXGroup section */
		56A6EE162500AA5A00F7B946 = {
			isa = PBXGroup;
			children = (
				56A6EE212500AA5A00F7B946 /* TableViewNotes */,
				56A6EE202500AA5A00F7B946 /* Products */,
			);
			sourceTree = "<group>";
		};
		56A6EE202500AA5A00F7B946 /* Products */ = {
			isa = PBXGroup;
			children = (
				56A6EE1F2500AA5A00F7B946 /* TableViewNotes.app */,
			);
			name = Products;
			sourceTree = "<group>";
		};
		56A6EE212500AA5A00F7B946 /* TableViewNotes */ = {
			isa = PBXGroup;
			children = (
				56A6EE222500AA5A00F7B946 /* AppDelegate.swift */,
				56A6EE242500AA5A00F7B946 /* SceneDelegate.swift */,
				56A6EE262500AA5A00F7B946 /* ViewController.swift */,
				56A6EE282500AA5A00F7B946 /* Main.storyboard */,
				56A6EE2B2500AA5F00F7B946 /* Assets.xcassets */,
				56A6EE2D2500AA5F00F7B946 /* LaunchScreen.storyboard */,
				56A6EE302500AA5F00F7B946 /* Info.plist */,
			);
			path = TableViewNotes;
			sourceTree = "<group>";
		};
/* End PBXGroup section */

/* Begin PBXNativeTarget section */
		56A6EE1E2500AA5A00F7B946 /* TableViewNotes */ = {
			isa = PBXNativeTarget;
			buildConfigurationList = 56A6EE332500AA5F00F7B946 /* Build configuration list for PBXNativeTarget "TableViewNotes" */;
			buildPhases = (
				56A6EE1B2500AA5A00F7B946 /* Sources */,
				56A6EE1C2500AA5A00F7B946 /* Frameworks */,
				56A6EE1D2500AA5A00F7B946 /* Resources */,
			);
			buildRules = (
			);
			dependencies = (
			);
			name = TableViewNotes;
			productName = TableViewNotes;
			productReference = 56A6EE1F2500AA5A00F7B946 /* TableViewNotes.app */;
			productType = "com.apple.product-type.application";
		};
/* End PBXNativeTarget section */

/* Begin PBXProject section */
		56A6EE172500AA5A00F7B946 /* Project object */ = {
			isa = PBXProject;
			attributes = {
				LastSwiftUpdateCheck = 1160;
				LastUpgradeCheck = 1160;
				ORGANIZATIONNAME = none;
				TargetAttributes = {
					56A6EE1E2500AA5A00F7B946 = {
						CreatedOnToolsVersion = 11.6;
					};
				};
			};
			buildConfigurationList = 56A6EE1A2500AA5A00F7B946 /* Build configuration list for PBXProject "TableViewNotes" */;
			compatibilityVersion = "Xcode 9.3";
			developmentRegion = en;
			hasScannedForEncodings = 0;
			knownRegions = (
				en,
				Base,
			);
			mainGroup = 56A6EE162500AA5A00F7B946;
			productRefGroup = 56A6EE202500AA5A00F7B946 /* Products */;
			projectDirPath = "";
			projectRoot = "";
			targets = (
				56A6EE1E2500AA5A00F7B946 /* TableViewNotes */,
			);
		};
/* End PBXProject section */

/* Begin PBXResourcesBuildPhase section */
		56A6EE1D2500AA5A00F7B946 /* Resources */ = {
			isa = PBXResourcesBuildPhase;
			buildActionMask = 2147483647;
			files = (
				56A6EE2F2500AA5F00F7B946 /* LaunchScreen.storyboard in Resources */,
				56A6EE2C2500AA5F00F7B946 /* Assets.xcassets in Resources */,
				56A6EE2A2500AA5A00F7B946 /* Main.storyboard in Resources */,
			);
			runOnlyForDeploymentPostprocessing = 0;
		};
/* End PBXResourcesBuildPhase section */

/* Begin PBXSourcesBuildPhase section */
		56A6EE1B2500AA5A00F7B946 /* Sources */ = {
			isa = PBXSourcesBuildPhase;
			buildActionMask = 2147483647;
			files = (
				56A6EE272500AA5A00F7B946 /* ViewController.swift in Sources */,
				56A6EE232500AA5A00F7B946 /* AppDelegate.swift in Sources */,
				56A6EE252500AA5A00F7B946 /* SceneDelegate.swift in Sources */,
			);
			runOnlyForDeploymentPostprocessing = 0;
		};
/* End PBXSourcesBuildPhase section */

/* Begin PBXVariantGroup section */
		56A6EE282500AA5A00F7B946 /* Main.storyboard */ = {
			isa = PBXVariantGroup;
			children = (
				56A6EE292500AA5A00F7B946 /* Base */,
			);
			name = Main.storyboard;
			sourceTree = "<group>";
		};
		56A6EE2D2500AA5F00F7B946 /* LaunchScreen.storyboard */ = {
			isa = PBXVariantGroup;
			children = (
				56A6EE2E2500AA5F00F7B946 /* Base */,
			);
			name = LaunchScreen.storyboard;
			sourceTree = "<group>";
		};
/* End PBXVariantGroup section */

/* Begin XCBuildConfiguration section */
		56A6EE312500AA5F00F7B946 /* Debug */ = {
			isa = XCBuildConfiguration;
			buildSettings = {
				ALWAYS_SEARCH_USER_PATHS = NO;
				CLANG_ANALYZER_NONNULL = YES;
				CLANG_ANALYZER_NUMBER_OBJECT_CONVERSION = YES_AGGRESSIVE;
				CLANG_CXX_LANGUAGE_STANDARD = "gnu++14";
				CLANG_CXX_LIBRARY = "libc++";
				CLANG_ENABLE_MODULES = YES;
				CLANG_ENABLE_OBJC_ARC = YES;
				CLANG_ENABLE_OBJC_WEAK = YES;
				CLANG_WARN_BLOCK_CAPTURE_AUTORELEASING = YES;
				CLANG_WARN_BOOL_CONVERSION = YES;
				CLANG_WARN_COMMA = YES;
				CLANG_WARN_CONSTANT_CONVERSION = YES;
				CLANG_WARN_DEPRECATED_OBJC_IMPLEMENTATIONS = YES;
				CLANG_WARN_DIRECT_OBJC_ISA_USAGE = YES_ERROR;
				CLANG_WARN_DOCUMENTATION_COMMENTS = YES;
				CLANG_WARN_EMPTY_BODY = YES;
				CLANG_WARN_ENUM_CONVERSION = YES;
				CLANG_WARN_INFINITE_RECURSION = YES;
				CLANG_WARN_INT_CONVERSION = YES;
				CLANG_WARN_NON_LITERAL_NULL_CONVERSION = YES;
				CLANG_WARN_OBJC_IMPLICIT_RETAIN_SELF = YES;
				CLANG_WARN_OBJC_LITERAL_CONVERSION = YES;
				CLANG_WARN_OBJC_ROOT_CLASS = YES_ERROR;
				CLANG_WARN_RANGE_LOOP_ANALYSIS = YES;
				CLANG_WARN_STRICT_PROTOTYPES = YES;
				CLANG_WARN_SUSPICIOUS_MOVE = YES;
				CLANG_WARN_UNGUARDED_AVAILABILITY = YES_AGGRESSIVE;
				CLANG_WARN_UNREACHABLE_CODE = YES;
				CLANG_WARN__DUPLICATE_METHOD_MATCH = YES;
				COPY_PHASE_STRIP = NO;
				DEBUG_INFORMATION_FORMAT = dwarf;
				ENABLE_STRICT_OBJC_MSGSEND = YES;
				ENABLE_TESTABILITY = YES;
				GCC_C_LANGUAGE_STANDARD = gnu11;
				GCC_DYNAMIC_NO_PIC = NO;
				GCC_NO_COMMON_BLOCKS = YES;
				GCC_OPTIMIZATION_LEVEL = 0;
				GCC_PREPROCESSOR_DEFINITIONS = (
					"DEBUG=1",
					"$(inherited)",
				);
				GCC_WARN_64_TO_32_BIT_CONVERSION = YES;
				GCC_WARN_ABOUT_RETURN_TYPE = YES_ERROR;
				GCC_WARN_UNDECLARED_SELECTOR = YES;
				GCC_WARN_UNINITIALIZED_AUTOS = YES_AGGRESSIVE;
				GCC_WARN_UNUSED_FUNCTION = YES;
				GCC_WARN_UNUSED_VARIABLE = YES;
				IPHONEOS_DEPLOYMENT_TARGET = 13.6;
				MTL_ENABLE_DEBUG_INFO = INCLUDE_SOURCE;
				MTL_FAST_MATH = YES;
				ONLY_ACTIVE_ARCH = YES;
				SDKROOT = iphoneos;
				SWIFT_ACTIVE_COMPILATION_CONDITIONS = DEBUG;
				SWIFT_OPTIMIZATION_LEVEL = "-Onone";
			};
			name = Debug;
		};
		56A6EE322500AA5F00F7B946 /* Release */ = {
			isa = XCBuildConfiguration;
			buildSettings = {
				ALWAYS_SEARCH_USER_PATHS = NO;
				CLANG_ANALYZER_NONNULL = YES;
				CLANG_ANALYZER_NUMBER_OBJECT_CONVERSION = YES_AGGRESSIVE;
				CLANG_CXX_LANGUAGE_STANDARD = "gnu++14";
				CLANG_CXX_LIBRARY = "libc++";
				CLANG_ENABLE_MODULES = YES;
				CLANG_ENABLE_OBJC_ARC = YES;
				CLANG_ENABLE_OBJC_WEAK = YES;
				CLANG_WARN_BLOCK_CAPTURE_AUTORELEASING = YES;
				CLANG_WARN_BOOL_CONVERSION = YES;
				CLANG_WARN_COMMA = YES;
				CLANG_WARN_CONSTANT_CONVERSION = YES;
				CLANG_WARN_DEPRECATED_OBJC_IMPLEMENTATIONS = YES;
				CLANG_WARN_DIRECT_OBJC_ISA_USAGE = YES_ERROR;
				CLANG_WARN_DOCUMENTATION_COMMENTS = YES;
				CLANG_WARN_EMPTY_BODY = YES;
				CLANG_WARN_ENUM_CONVERSION = YES;
				CLANG_WARN_INFINITE_RECURSION = YES;
				CLANG_WARN_INT_CONVERSION = YES;
				CLANG_WARN_NON_LITERAL_NULL_CONVERSION = YES;
				CLANG_WARN_OBJC_IMPLICIT_RETAIN_SELF = YES;
				CLANG_WARN_OBJC_LITERAL_CONVERSION = YES;
				CLANG_WARN_OBJC_ROOT_CLASS = YES_ERROR;
				CLANG_WARN_RANGE_LOOP_ANALYSIS = YES;
				CLANG_WARN_STRICT_PROTOTYPES = YES;
				CLANG_WARN_SUSPICIOUS_MOVE = YES;
				CLANG_WARN_UNGUARDED_AVAILABILITY = YES_AGGRESSIVE;
				CLANG_WARN_UNREACHABLE_CODE = YES;
				CLANG_WARN__DUPLICATE_METHOD_MATCH = YES;
				COPY_PHASE_STRIP = NO;
				DEBUG_INFORMATION_FORMAT = "dwarf-with-dsym";
				ENABLE_NS_ASSERTIONS = NO;
				ENABLE_STRICT_OBJC_MSGSEND = YES;
				GCC_C_LANGUAGE_STANDARD = gnu11;
				GCC_NO_COMMON_BLOCKS = YES;
				GCC_WARN_64_TO_32_BIT_CONVERSION = YES;
				GCC_WARN_ABOUT_RETURN_TYPE = YES_ERROR;
				GCC_WARN_UNDECLARED_SELECTOR = YES;
				GCC_WARN_UNINITIALIZED_AUTOS = YES_AGGRESSIVE;
				GCC_WARN_UNUSED_FUNCTION = YES;
				GCC_WARN_UNUSED_VARIABLE = YES;
				IPHONEOS_DEPLOYMENT_TARGET = 13.6;
				MTL_ENABLE_DEBUG_INFO = NO;
				MTL_FAST_MATH = YES;
				SDKROOT = iphoneos;
				SWIFT_COMPILATION_MODE = wholemodule;
				SWIFT_OPTIMIZATION_LEVEL = "-O";
				VALIDATE_PRODUCT = YES;
			};
			name = Release;
		};
		56A6EE342500AA5F00F7B946 /* Debug */ = {
			isa = XCBuildConfiguration;
			buildSettings = {
				ASSETCATALOG_COMPILER_APPICON_NAME = AppIcon;
				CODE_SIGN_STYLE = Automatic;
				INFOPLIST_FILE = TableViewNotes/Info.plist;
				LD_RUNPATH_SEARCH_PATHS = (
					"$(inherited)",
					"@executable_path/Frameworks",
				);
				PRODUCT_BUNDLE_IDENTIFIER = com.test.TableViewNotes;
				PRODUCT_NAME = "$(TARGET_NAME)";
				SWIFT_VERSION = 5.0;
				TARGETED_DEVICE_FAMILY = "1,2";
			};
			name = Debug;
		};
		56A6EE352500AA5F00F7B946 /* Release */ = {
			isa = XCBuildConfiguration;
			buildSettings = {
				ASSETCATALOG_COMPILER_APPICON_NAME = AppIcon;
				CODE_SIGN_STYLE = Automatic;
				INFOPLIST_FILE = TableViewNotes/Info.plist;
				LD_RUNPATH_SEARCH_PATHS = (
					"$(inherited)",
					"@executable_path/Frameworks",
				);
				PRODUCT_BUNDLE_IDENTIFIER = com.test.TableViewNotes;
				PRODUCT_NAME = "$(TARGET_NAME)";
				SWIFT_VERSION = 5.0;
				TARGETED_DEVICE_FAMILY = "1,2";
			};
			name = Release;
		};
/* End XCBuildConfiguration section */

/* Begin XCConfigurationList section */
		56A6EE1A2500AA5A00F7B946 /* Build configuration list for PBXProject "TableViewNotes" */ = {
			isa = XCConfigurationList;
			buildConfigurations = (
				56A6EE312500AA5F00F7B946 /* Debug */,
				56A6EE322500AA5F00F7B946 /* Release */,
			);
			defaultConfigurationIsVisible = 0;
			defaultConfigurationName = Release;
		};
		56A6EE332500AA5F00F7B946 /* Build configuration list for PBXNativeTarget "TableViewNotes" */ = {
			isa = XCConfigurationList;
			buildConfigurations = (
				56A6EE342500AA5F00F7B946 /* Debug */,
				56A6EE352500AA5F00F7B946 /* Release */,
			);
			defaultConfigurationIsVisible = 0;
			defaultConfigurationName = Release;
		};
/* End XCConfigurationList section */
	};
	rootObject = 56A6EE172500AA5A00F7B946 /* Project object */;
}
